Microsoft Visual Studio Solution File, Format Version 12.00
# Visual Studio Version 17
VisualStudioVersion = 17.5.2.0
MinimumVisualStudioVersion = 10.0.40219.1
Project("{2150E333-8FDC-42A3-9474-1A3956D46DE8}") = "services", "services", "{5854FF58-B8C5-05C6-5BF2-ACE42193F22B}"
EndProject
Project("{2150E333-8FDC-42A3-9474-1A3956D46DE8}") = "shared", "shared", "{4F52FD11-658E-A102-6CD3-7D7C16FFA15B}"
EndProject
Project("{FAE04EC0-301F-11D3-BF4B-00C04F79EFBC}") = "authService", "services\authService\authService.csproj", "{16FD9863-A745-7DF3-D0FD-B69A0BD39998}"
EndProject
Project("{FAE04EC0-301F-11D3-BF4B-00C04F79EFBC}") = "userService", "services\userService\userService.csproj", "{E777043B-5FD4-D045-9BB6-D22CDFDC022F}"
EndProject
Project("{FAE04EC0-301F-11D3-BF4B-00C04F79EFBC}") = "SharedKernel", "shared\SharedKernel\SharedKernel.csproj", "{75F7FF39-415A-051E-9D8A-84A65B2A3F92}"
EndProject
Project("{FAE04EC0-301F-11D3-BF4B-00C04F79EFBC}") = "apiGateway", "services\apiGateway\apiGateway.csproj", "{385D7ED7-26A5-44F7-9EFE-5E5E6DA9B613}"
EndProject
Project("{FAE04EC0-301F-11D3-BF4B-00C04F79EFBC}") = "CatalogService", "services\catalogService\CatalogService.csproj", "{B8A3D1F2-9C7E-4A1B-8F3D-2E5C9A1B4F6E}"
EndProject
Global
	GlobalSection(SolutionConfigurationPlatforms) = preSolution
		Debug|Any CPU = Debug|Any CPU
		Release|Any CPU = Release|Any CPU
	EndGlobalSection
	GlobalSection(ProjectConfigurationPlatforms) = postSolution
		{16FD9863-A745-7DF3-D0FD-B69A0BD39998}.Debug|Any CPU.ActiveCfg = Debug|Any CPU
		{16FD9863-A745-7DF3-D0FD-B69A0BD39998}.Debug|Any CPU.Build.0 = Debug|Any CPU
		{16FD9863-A745-7DF3-D0FD-B69A0BD39998}.Release|Any CPU.ActiveCfg = Release|Any CPU
		{16FD9863-A745-7DF3-D0FD-B69A0BD39998}.Release|Any CPU.Build.0 = Release|Any CPU
		{E777043B-5FD4-D045-9BB6-D22CDFDC022F}.Debug|Any CPU.ActiveCfg = Debug|Any CPU
		{E777043B-5FD4-D045-9BB6-D22CDFDC022F}.Debug|Any CPU.Build.0 = Debug|Any CPU
		{E777043B-5FD4-D045-9BB6-D22CDFDC022F}.Release|Any CPU.ActiveCfg = Release|Any CPU
		{E777043B-5FD4-D045-9BB6-D22CDFDC022F}.Release|Any CPU.Build.0 = Release|Any CPU
		{75F7FF39-415A-051E-9D8A-84A65B2A3F92}.Debug|Any CPU.ActiveCfg = Debug|Any CPU
		{75F7FF39-415A-051E-9D8A-84A65B2A3F92}.Debug|Any CPU.Build.0 = Debug|Any CPU
		{75F7FF39-415A-051E-9D8A-84A65B2A3F92}.Release|Any CPU.ActiveCfg = Release|Any CPU
		{75F7FF39-415A-051E-9D8A-84A65B2A3F92}.Release|Any CPU.Build.0 = Release|Any CPU
		{385D7ED7-26A5-44F7-9EFE-5E5E6DA9B613}.Debug|Any CPU.ActiveCfg = Debug|Any CPU
		{385D7ED7-26A5-44F7-9EFE-5E5E6DA9B613}.Debug|Any CPU.Build.0 = Debug|Any CPU
		{385D7ED7-26A5-44F7-9EFE-5E5E6DA9B613}.Release|Any CPU.ActiveCfg = Release|Any CPU
		{385D7ED7-26A5-44F7-9EFE-5E5E6DA9B613}.Release|Any CPU.Build.0 = Release|Any CPU
		{B8A3D1F2-9C7E-4A1B-8F3D-2E5C9A1B4F6E}.Debug|Any CPU.ActiveCfg = Debug|Any CPU
		{B8A3D1F2-9C7E-4A1B-8F3D-2E5C9A1B4F6E}.Debug|Any CPU.Build.0 = Debug|Any CPU
		{B8A3D1F2-9C7E-4A1B-8F3D-2E5C9A1B4F6E}.Release|Any CPU.ActiveCfg = Release|Any CPU
		{B8A3D1F2-9C7E-4A1B-8F3D-2E5C9A1B4F6E}.Release|Any CPU.Build.0 = Release|Any CPU
	EndGlobalSection
	GlobalSection(SolutionProperties) = preSolution
		HideSolutionNode = FALSE
	EndGlobalSection
	GlobalSection(NestedProjects) = preSolution
		{16FD9863-A745-7DF3-D0FD-B69A0BD39998} = {5854FF58-B8C5-05C6-5BF2-ACE42193F22B}
		{E777043B-5FD4-D045-9BB6-D22CDFDC022F} = {5854FF58-B8C5-05C6-5BF2-ACE42193F22B}
		{75F7FF39-415A-051E-9D8A-84A65B2A3F92} = {4F52FD11-658E-A102-6CD3-7D7C16FFA15B}
		{385D7ED7-26A5-44F7-9EFE-5E5E6DA9B613} = {5854FF58-B8C5-05C6-5BF2-ACE42193F22B}
		{B8A3D1F2-9C7E-4A1B-8F3D-2E5C9A1B4F6E} = {5854FF58-B8C5-05C6-5BF2-ACE42193F22B}
	EndGlobalSection
	GlobalSection(ExtensibilityGlobals) = postSolution
		SolutionGuid = {556D45BF-B49A-4A7F-9D9A-4884D78967D4}
	EndGlobalSection
EndGlobal
